
Microsoft Visual Studio Solution File, Format Version 12.00
# Visual Studio 15
VisualStudioVersion = 15.0.26124.0
MinimumVisualStudioVersion = 15.0.26124.0
Project("{FAE04EC0-301F-11D3-BF4B-00C04F79EFBC}") = "driver", "Driver\driver.csproj", "{82A5C4C5-BD4E-4A37-BA92-E43DFBC16EFD}"
EndProject
Project("{FAE04EC0-301F-11D3-BF4B-00C04F79EFBC}") = "Simulator", "Simulator\Simulator.csproj", "{110D6826-37BF-421C-8FEC-B646C9EDE60B}"
EndProject
Project("{FAE04EC0-301F-11D3-BF4B-00C04F79EFBC}") = "Payload", "Payload\Payload.csproj", "{31591C6D-DB99-4E74-80C5-638F86C508FD}"
EndProject
Global
	GlobalSection(SolutionConfigurationPlatforms) = preSolution
		Debug|Any CPU = Debug|Any CPU
		Debug|x64 = Debug|x64
		Debug|x86 = Debug|x86
		Release|Any CPU = Release|Any CPU
		Release|x64 = Release|x64
		Release|x86 = Release|x86
	EndGlobalSection
	GlobalSection(SolutionProperties) = preSolution
		HideSolutionNode = FALSE
	EndGlobalSection
	GlobalSection(ProjectConfigurationPlatforms) = postSolution
		{82A5C4C5-BD4E-4A37-BA92-E43DFBC16EFD}.Debug|Any CPU.ActiveCfg = Debug|Any CPU
		{82A5C4C5-BD4E-4A37-BA92-E43DFBC16EFD}.Debug|Any CPU.Build.0 = Debug|Any CPU
		{82A5C4C5-BD4E-4A37-BA92-E43DFBC16EFD}.Debug|x64.ActiveCfg = Debug|Any CPU
		{82A5C4C5-BD4E-4A37-BA92-E43DFBC16EFD}.Debug|x64.Build.0 = Debug|Any CPU
		{82A5C4C5-BD4E-4A37-BA92-E43DFBC16EFD}.Debug|x86.ActiveCfg = Debug|Any CPU
		{82A5C4C5-BD4E-4A37-BA92-E43DFBC16EFD}.Debug|x86.Build.0 = Debug|Any CPU
		{82A5C4C5-BD4E-4A37-BA92-E43DFBC16EFD}.Release|Any CPU.ActiveCfg = Release|Any CPU
		{82A5C4C5-BD4E-4A37-BA92-E43DFBC16EFD}.Release|Any CPU.Build.0 = Release|Any CPU
		{82A5C4C5-BD4E-4A37-BA92-E43DFBC16EFD}.Release|x64.ActiveCfg = Release|Any CPU
		{82A5C4C5-BD4E-4A37-BA92-E43DFBC16EFD}.Release|x64.Build.0 = Release|Any CPU
		{82A5C4C5-BD4E-4A37-BA92-E43DFBC16EFD}.Release|x86.ActiveCfg = Release|Any CPU
		{82A5C4C5-BD4E-4A37-BA92-E43DFBC16EFD}.Release|x86.Build.0 = Release|Any CPU
		{110D6826-37BF-421C-8FEC-B646C9EDE60B}.Debug|Any CPU.ActiveCfg = Debug|Any CPU
		{110D6826-37BF-421C-8FEC-B646C9EDE60B}.Debug|Any CPU.Build.0 = Debug|Any CPU
		{110D6826-37BF-421C-8FEC-B646C9EDE60B}.Debug|x64.ActiveCfg = Debug|Any CPU
		{110D6826-37BF-421C-8FEC-B646C9EDE60B}.Debug|x64.Build.0 = Debug|Any CPU
		{110D6826-37BF-421C-8FEC-B646C9EDE60B}.Debug|x86.ActiveCfg = Debug|Any CPU
		{110D6826-37BF-421C-8FEC-B646C9EDE60B}.Debug|x86.Build.0 = Debug|Any CPU
		{110D6826-37BF-421C-8FEC-B646C9EDE60B}.Release|Any CPU.ActiveCfg = Release|Any CPU
		{110D6826-37BF-421C-8FEC-B646C9EDE60B}.Release|Any CPU.Build.0 = Release|Any CPU
		{110D6826-37BF-421C-8FEC-B646C9EDE60B}.Release|x64.ActiveCfg = Release|Any CPU
		{110D6826-37BF-421C-8FEC-B646C9EDE60B}.Release|x64.Build.0 = Release|Any CPU
		{110D6826-37BF-421C-8FEC-B646C9EDE60B}.Release|x86.ActiveCfg = Release|Any CPU
		{110D6826-37BF-421C-8FEC-B646C9EDE60B}.Release|x86.Build.0 = Release|Any CPU
		{31591C6D-DB99-4E74-80C5-638F86C508FD}.Debug|Any CPU.ActiveCfg = Debug|Any CPU
		{31591C6D-DB99-4E74-80C5-638F86C508FD}.Debug|Any CPU.Build.0 = Debug|Any CPU
		{31591C6D-DB99-4E74-80C5-638F86C508FD}.Debug|x64.ActiveCfg = Debug|Any CPU
		{31591C6D-DB99-4E74-80C5-638F86C508FD}.Debug|x64.Build.0 = Debug|Any CPU
		{31591C6D-DB99-4E74-80C5-638F86C508FD}.Debug|x86.ActiveCfg = Debug|Any CPU
		{31591C6D-DB99-4E74-80C5-638F86C508FD}.Debug|x86.Build.0 = Debug|Any CPU
		{31591C6D-DB99-4E74-80C5-638F86C508FD}.Release|Any CPU.ActiveCfg = Release|Any CPU
		{31591C6D-DB99-4E74-80C5-638F86C508FD}.Release|Any CPU.Build.0 = Release|Any CPU
		{31591C6D-DB99-4E74-80C5-638F86C508FD}.Release|x64.ActiveCfg = Release|Any CPU
		{31591C6D-DB99-4E74-80C5-638F86C508FD}.Release|x64.Build.0 = Release|Any CPU
		{31591C6D-DB99-4E74-80C5-638F86C508FD}.Release|x86.ActiveCfg = Release|Any CPU
		{31591C6D-DB99-4E74-80C5-638F86C508FD}.Release|x86.Build.0 = Release|Any CPU
	EndGlobalSection
EndGlobal
